
Microsoft Visual Studio Solution File, Format Version 12.00
# Visual Studio Version 17
VisualStudioVersion = 17.3.32929.385
MinimumVisualStudioVersion = 10.0.40219.1
Project("{FAE04EC0-301F-11D3-BF4B-00C04F79EFBC}") = "HelloWorld", "HelloWorld\HelloWorld.csproj", "{68D2AD2B-5192-42F7-847F-A4A72E02741D}"
EndProject
Global
	GlobalSection(SolutionConfigurationPlatforms) = preSolution
		Debug|Any CPU = Debug|Any CPU
		Release|Any CPU = Release|Any CPU
	EndGlobalSection
	GlobalSection(ProjectConfigurationPlatforms) = postSolution
		{68D2AD2B-5192-42F7-847F-A4A72E02741D}.Debug|Any CPU.ActiveCfg = Debug|Any CPU
		{68D2AD2B-5192-42F7-847F-A4A72E02741D}.Debug|Any CPU.Build.0 = Debug|Any CPU
		{68D2AD2B-5192-42F7-847F-A4A72E02741D}.Release|Any CPU.ActiveCfg = Release|Any CPU
		{68D2AD2B-5192-42F7-847F-A4A72E02741D}.Release|Any CPU.Build.0 = Release|Any CPU
	EndGlobalSection
	GlobalSection(SolutionProperties) = preSolution
		HideSolutionNode = FALSE
	EndGlobalSection
	GlobalSection(ExtensibilityGlobals) = postSolution
		SolutionGuid = {A408FE9D-E891-43CC-8FCF-C83069600FFD}
	EndGlobalSection
EndGlobal
