
Microsoft Visual Studio Solution File, Format Version 12.00
# Visual Studio Version 17
VisualStudioVersion = 17.3.32929.385
MinimumVisualStudioVersion = 10.0.40219.1
Project("{FAE04EC0-301F-11D3-BF4B-00C04F79EFBC}") = "ExerciseList01", "ExerciseList01\ExerciseList01.csproj", "{A904ED92-8065-46CD-B298-22B63C744730}"
EndProject
Global
	GlobalSection(SolutionConfigurationPlatforms) = preSolution
		Debug|Any CPU = Debug|Any CPU
		Release|Any CPU = Release|Any CPU
	EndGlobalSection
	GlobalSection(ProjectConfigurationPlatforms) = postSolution
		{A904ED92-8065-46CD-B298-22B63C744730}.Debug|Any CPU.ActiveCfg = Debug|Any CPU
		{A904ED92-8065-46CD-B298-22B63C744730}.Debug|Any CPU.Build.0 = Debug|Any CPU
		{A904ED92-8065-46CD-B298-22B63C744730}.Release|Any CPU.ActiveCfg = Release|Any CPU
		{A904ED92-8065-46CD-B298-22B63C744730}.Release|Any CPU.Build.0 = Release|Any CPU
	EndGlobalSection
	GlobalSection(SolutionProperties) = preSolution
		HideSolutionNode = FALSE
	EndGlobalSection
	GlobalSection(ExtensibilityGlobals) = postSolution
		SolutionGuid = {5BAC9F27-1598-45FE-A1EF-713A58BD463C}
	EndGlobalSection
EndGlobal
