
Microsoft Visual Studio Solution File, Format Version 12.00
# Visual Studio Version 17
VisualStudioVersion = 17.3.32929.385
MinimumVisualStudioVersion = 10.0.40219.1
Project("{FAE04EC0-301F-11D3-BF4B-00C04F79EFBC}") = "Nullable", "Nullable\Nullable.csproj", "{AFF22F38-FEBE-421C-A2D7-713835F0B1B9}"
EndProject
Global
	GlobalSection(SolutionConfigurationPlatforms) = preSolution
		Debug|Any CPU = Debug|Any CPU
		Release|Any CPU = Release|Any CPU
	EndGlobalSection
	GlobalSection(ProjectConfigurationPlatforms) = postSolution
		{AFF22F38-FEBE-421C-A2D7-713835F0B1B9}.Debug|Any CPU.ActiveCfg = Debug|Any CPU
		{AFF22F38-FEBE-421C-A2D7-713835F0B1B9}.Debug|Any CPU.Build.0 = Debug|Any CPU
		{AFF22F38-FEBE-421C-A2D7-713835F0B1B9}.Release|Any CPU.ActiveCfg = Release|Any CPU
		{AFF22F38-FEBE-421C-A2D7-713835F0B1B9}.Release|Any CPU.Build.0 = Release|Any CPU
	EndGlobalSection
	GlobalSection(SolutionProperties) = preSolution
		HideSolutionNode = FALSE
	EndGlobalSection
	GlobalSection(ExtensibilityGlobals) = postSolution
		SolutionGuid = {BDD83DA3-2EC7-4175-A130-EE79F76D96ED}
	EndGlobalSection
EndGlobal
