
Microsoft Visual Studio Solution File, Format Version 12.00
# Visual Studio Version 17
VisualStudioVersion = 17.3.32929.385
MinimumVisualStudioVersion = 10.0.40219.1
Project("{FAE04EC0-301F-11D3-BF4B-00C04F79EFBC}") = "beeCrowd", "beeCrowd\beeCrowd.csproj", "{E046E744-87AD-43C3-9E06-AFCDE9E3486B}"
EndProject
Global
	GlobalSection(SolutionConfigurationPlatforms) = preSolution
		Debug|Any CPU = Debug|Any CPU
		Release|Any CPU = Release|Any CPU
	EndGlobalSection
	GlobalSection(ProjectConfigurationPlatforms) = postSolution
		{E046E744-87AD-43C3-9E06-AFCDE9E3486B}.Debug|Any CPU.ActiveCfg = Debug|Any CPU
		{E046E744-87AD-43C3-9E06-AFCDE9E3486B}.Debug|Any CPU.Build.0 = Debug|Any CPU
		{E046E744-87AD-43C3-9E06-AFCDE9E3486B}.Release|Any CPU.ActiveCfg = Release|Any CPU
		{E046E744-87AD-43C3-9E06-AFCDE9E3486B}.Release|Any CPU.Build.0 = Release|Any CPU
	EndGlobalSection
	GlobalSection(SolutionProperties) = preSolution
		HideSolutionNode = FALSE
	EndGlobalSection
	GlobalSection(ExtensibilityGlobals) = postSolution
		SolutionGuid = {CF5E58EF-0804-46EF-9CCD-472DE2CA02CF}
	EndGlobalSection
EndGlobal
